PODS:
  - BLEHelper (1.0.1)
  - Crashlytics (3.7.2):
    - Fabric (~> 1.6.3)
  - Fabric (1.6.7)
  - HanekeSwift (0.10.1)
  - OMGHTTPURLRQ (3.1.2):
    - OMGHTTPURLRQ/RQ (= 3.1.2)
  - OMGHTTPURLRQ/FormURLEncode (3.1.2)
  - OMGHTTPURLRQ/RQ (3.1.2):
    - OMGHTTPURLRQ/FormURLEncode
    - OMGHTTPURLRQ/UserAgent
  - OMGHTTPURLRQ/UserAgent (3.1.2)
  - PromiseKit (3.2.0):
    - PromiseKit/Foundation (= 3.2.0)
    - PromiseKit/QuartzCore (= 3.2.0)
    - PromiseKit/UIKit (= 3.2.0)
  - PromiseKit/CorePromise (3.2.0)
  - PromiseKit/Foundation (3.2.0):
    - OMGHTTPURLRQ (~> 3.1.0)
    - PromiseKit/CorePromise
  - PromiseKit/QuartzCore (3.2.0):
    - PromiseKit/CorePromise
  - PromiseKit/UIKit (3.2.0):
    - PromiseKit/CorePromise
  - ReactiveCocoa (4.2.1):
    - Result (~> 2.0)
  - Result (2.1.1)
  - Underscore.m (0.3.0)

DEPENDENCIES:
  - BLEHelper
  - Crashlytics
  - Fabric
  - HanekeSwift
  - PromiseKit (~> 3.2)
  - ReactiveCocoa
  - Underscore.m

SPEC CHECKSUMS:
  BLEHelper: ec81a9bd828723d84c35670993bb0eb5157c9bf8
  Crashlytics: 130ab943f8c78cda7a814b434f270b2e2c8a3cba
  Fabric: caf7580c725e64db144f610ac65cd60956911dc7
  HanekeSwift: '08e47d3d0f2899ec58e5d257beba0de619aca9e8'
  OMGHTTPURLRQ: 38316b56d88125c600bcdb16df8329147da2b0ee
  PromiseKit: 1db024241265f428137a9f3c00ff9590740c4be6
  ReactiveCocoa: 5a42745f11ea236f405bb9ce5e97c5e3b23562dd
  Result: 822c879f145943320cc80a9a8372378e3d699fe4
  Underscore.m: dc9ca06fe2c9a79d01ce20c3d2c1e8f91f2d92dc

PODFILE CHECKSUM: b01d2bfeca03b146d01c8219d71bb0187c868bd9

COCOAPODS: 1.0.1
